
Microsoft Visual Studio Solution File, Format Version 12.00
# Visual Studio Version 16
VisualStudioVersion = 16.0.28721.148
MinimumVisualStudioVersion = 10.0.40219.1
Project("{8BC9CEB8-8B4A-11D0-8D11-00A0C91BC942}") = "SDL2", "SDL2\SDL2.vcxproj", "{B7BE417C-B6C5-4A69-A056-E0CB0C6A344C}"
EndProject
Project("{8BC9CEB8-8B4A-11D0-8D11-00A0C91BC942}") = "main", "main\main.vcxproj", "{B7F3A6F1-0359-4427-925D-4A6D1C979B61}"
	ProjectSection(ProjectDependencies) = postProject
		{DD427B0D-0CE6-408D-B3B7-B5EBAB9F299E} = {DD427B0D-0CE6-408D-B3B7-B5EBAB9F299E}
		{03A9401D-CEFF-4F5E-A7B4-FC2A0D9F6C95} = {03A9401D-CEFF-4F5E-A7B4-FC2A0D9F6C95}
		{8572235C-B335-40DD-BA5F-9954BEDC4BFC} = {8572235C-B335-40DD-BA5F-9954BEDC4BFC}
		{DC242A72-DD8D-4F0B-ACF9-52BD3680F055} = {DC242A72-DD8D-4F0B-ACF9-52BD3680F055}
		{72EBEBB0-BF38-48A5-B6B2-A6CD5840A17E} = {72EBEBB0-BF38-48A5-B6B2-A6CD5840A17E}
		{CBE97BBD-4BA5-4155-A3A9-277C6411255D} = {CBE97BBD-4BA5-4155-A3A9-277C6411255D}
	EndProjectSection
EndProject
Project("{39E2626F-3545-4960-A6E8-258AD8476CE5}") = "SDL2_GradleApp", "SDL2_GradleApp\SDL2_GradleApp.androidproj", "{F38408B0-8D17-4D2B-AEB4-5FA30B7F6373}"
	ProjectSection(ProjectDependencies) = postProject
		{DD427B0D-0CE6-408D-B3B7-B5EBAB9F299E} = {DD427B0D-0CE6-408D-B3B7-B5EBAB9F299E}
		{DC242A72-DD8D-4F0B-ACF9-52BD3680F055} = {DC242A72-DD8D-4F0B-ACF9-52BD3680F055}
		{72EBEBB0-BF38-48A5-B6B2-A6CD5840A17E} = {72EBEBB0-BF38-48A5-B6B2-A6CD5840A17E}
		{CBE97BBD-4BA5-4155-A3A9-277C6411255D} = {CBE97BBD-4BA5-4155-A3A9-277C6411255D}
	EndProjectSection
EndProject
Project("{8BC9CEB8-8B4A-11D0-8D11-00A0C91BC942}") = "SDL2_image", "SDL2_image\SDL2_image.vcxproj", "{03A9401D-CEFF-4F5E-A7B4-FC2A0D9F6C95}"
EndProject
Project("{8BC9CEB8-8B4A-11D0-8D11-00A0C91BC942}") = "SDL2_ttf", "SDL2_ttf\SDL2_ttf.vcxproj", "{8572235C-B335-40DD-BA5F-9954BEDC4BFC}"
EndProject
Project("{8BC9CEB8-8B4A-11D0-8D11-00A0C91BC942}") = "xml2", "xml2\xml2.vcxproj", "{CBE97BBD-4BA5-4155-A3A9-277C6411255D}"
EndProject
Project("{8BC9CEB8-8B4A-11D0-8D11-00A0C91BC942}") = "flac", "flac\flac.vcxproj", "{DC242A72-DD8D-4F0B-ACF9-52BD3680F055}"
	ProjectSection(ProjectDependencies) = postProject
		{72EBEBB0-BF38-48A5-B6B2-A6CD5840A17E} = {72EBEBB0-BF38-48A5-B6B2-A6CD5840A17E}
	EndProjectSection
EndProject
Project("{8BC9CEB8-8B4A-11D0-8D11-00A0C91BC942}") = "ogg", "ogg\ogg.vcxproj", "{72EBEBB0-BF38-48A5-B6B2-A6CD5840A17E}"
EndProject
Project("{8BC9CEB8-8B4A-11D0-8D11-00A0C91BC942}") = "mpg123", "mpg123\mpg123.vcxproj", "{95E5082B-3FF2-469F-AC6D-2E77BC881A02}"
EndProject
Project("{8BC9CEB8-8B4A-11D0-8D11-00A0C91BC942}") = "mpeg2", "mpeg2\mpeg2.vcxproj", "{DD427B0D-0CE6-408D-B3B7-B5EBAB9F299E}"
EndProject
Global
	GlobalSection(SolutionConfigurationPlatforms) = preSolution
		Debug|ARM = Debug|ARM
		Debug|ARM64 = Debug|ARM64
		Debug|x64 = Debug|x64
		Debug|x86 = Debug|x86
		Release|ARM = Release|ARM
		Release|ARM64 = Release|ARM64
		Release|x64 = Release|x64
		Release|x86 = Release|x86
	EndGlobalSection
	GlobalSection(ProjectConfigurationPlatforms) = postSolution
		{B7BE417C-B6C5-4A69-A056-E0CB0C6A344C}.Debug|ARM.ActiveCfg = Debug|ARM
		{B7BE417C-B6C5-4A69-A056-E0CB0C6A344C}.Debug|ARM.Build.0 = Debug|ARM
		{B7BE417C-B6C5-4A69-A056-E0CB0C6A344C}.Debug|ARM64.ActiveCfg = Debug|ARM64
		{B7BE417C-B6C5-4A69-A056-E0CB0C6A344C}.Debug|ARM64.Build.0 = Debug|ARM64
		{B7BE417C-B6C5-4A69-A056-E0CB0C6A344C}.Debug|x64.ActiveCfg = Debug|x64
		{B7BE417C-B6C5-4A69-A056-E0CB0C6A344C}.Debug|x64.Build.0 = Debug|x64
		{B7BE417C-B6C5-4A69-A056-E0CB0C6A344C}.Debug|x86.ActiveCfg = Debug|x86
		{B7BE417C-B6C5-4A69-A056-E0CB0C6A344C}.Debug|x86.Build.0 = Debug|x86
		{B7BE417C-B6C5-4A69-A056-E0CB0C6A344C}.Release|ARM.ActiveCfg = Release|ARM
		{B7BE417C-B6C5-4A69-A056-E0CB0C6A344C}.Release|ARM.Build.0 = Release|ARM
		{B7BE417C-B6C5-4A69-A056-E0CB0C6A344C}.Release|ARM64.ActiveCfg = Release|ARM64
		{B7BE417C-B6C5-4A69-A056-E0CB0C6A344C}.Release|ARM64.Build.0 = Release|ARM64
		{B7BE417C-B6C5-4A69-A056-E0CB0C6A344C}.Release|x64.ActiveCfg = Release|x64
		{B7BE417C-B6C5-4A69-A056-E0CB0C6A344C}.Release|x64.Build.0 = Release|x64
		{B7BE417C-B6C5-4A69-A056-E0CB0C6A344C}.Release|x86.ActiveCfg = Release|x86
		{B7BE417C-B6C5-4A69-A056-E0CB0C6A344C}.Release|x86.Build.0 = Release|x86
		{B7F3A6F1-0359-4427-925D-4A6D1C979B61}.Debug|ARM.ActiveCfg = Debug|ARM
		{B7F3A6F1-0359-4427-925D-4A6D1C979B61}.Debug|ARM.Build.0 = Debug|ARM
		{B7F3A6F1-0359-4427-925D-4A6D1C979B61}.Debug|ARM64.ActiveCfg = Debug|ARM64
		{B7F3A6F1-0359-4427-925D-4A6D1C979B61}.Debug|ARM64.Build.0 = Debug|ARM64
		{B7F3A6F1-0359-4427-925D-4A6D1C979B61}.Debug|x64.ActiveCfg = Debug|x64
		{B7F3A6F1-0359-4427-925D-4A6D1C979B61}.Debug|x64.Build.0 = Debug|x64
		{B7F3A6F1-0359-4427-925D-4A6D1C979B61}.Debug|x86.ActiveCfg = Debug|x86
		{B7F3A6F1-0359-4427-925D-4A6D1C979B61}.Debug|x86.Build.0 = Debug|x86
		{B7F3A6F1-0359-4427-925D-4A6D1C979B61}.Release|ARM.ActiveCfg = Release|ARM
		{B7F3A6F1-0359-4427-925D-4A6D1C979B61}.Release|ARM.Build.0 = Release|ARM
		{B7F3A6F1-0359-4427-925D-4A6D1C979B61}.Release|ARM64.ActiveCfg = Release|ARM64
		{B7F3A6F1-0359-4427-925D-4A6D1C979B61}.Release|ARM64.Build.0 = Release|ARM64
		{B7F3A6F1-0359-4427-925D-4A6D1C979B61}.Release|x64.ActiveCfg = Release|x64
		{B7F3A6F1-0359-4427-925D-4A6D1C979B61}.Release|x64.Build.0 = Release|x64
		{B7F3A6F1-0359-4427-925D-4A6D1C979B61}.Release|x86.ActiveCfg = Release|x86
		{B7F3A6F1-0359-4427-925D-4A6D1C979B61}.Release|x86.Build.0 = Release|x86
		{F38408B0-8D17-4D2B-AEB4-5FA30B7F6373}.Debug|ARM.ActiveCfg = Debug|ARM
		{F38408B0-8D17-4D2B-AEB4-5FA30B7F6373}.Debug|ARM.Build.0 = Debug|ARM
		{F38408B0-8D17-4D2B-AEB4-5FA30B7F6373}.Debug|ARM.Deploy.0 = Debug|ARM
		{F38408B0-8D17-4D2B-AEB4-5FA30B7F6373}.Debug|ARM64.ActiveCfg = Debug|ARM64
		{F38408B0-8D17-4D2B-AEB4-5FA30B7F6373}.Debug|ARM64.Build.0 = Debug|ARM64
		{F38408B0-8D17-4D2B-AEB4-5FA30B7F6373}.Debug|ARM64.Deploy.0 = Debug|ARM64
		{F38408B0-8D17-4D2B-AEB4-5FA30B7F6373}.Debug|x64.ActiveCfg = Debug|x64
		{F38408B0-8D17-4D2B-AEB4-5FA30B7F6373}.Debug|x64.Build.0 = Debug|x64
		{F38408B0-8D17-4D2B-AEB4-5FA30B7F6373}.Debug|x64.Deploy.0 = Debug|x64
		{F38408B0-8D17-4D2B-AEB4-5FA30B7F6373}.Debug|x86.ActiveCfg = Debug|x86
		{F38408B0-8D17-4D2B-AEB4-5FA30B7F6373}.Debug|x86.Build.0 = Debug|x86
		{F38408B0-8D17-4D2B-AEB4-5FA30B7F6373}.Debug|x86.Deploy.0 = Debug|x86
		{F38408B0-8D17-4D2B-AEB4-5FA30B7F6373}.Release|ARM.ActiveCfg = Release|ARM
		{F38408B0-8D17-4D2B-AEB4-5FA30B7F6373}.Release|ARM.Build.0 = Release|ARM
		{F38408B0-8D17-4D2B-AEB4-5FA30B7F6373}.Release|ARM.Deploy.0 = Release|ARM
		{F38408B0-8D17-4D2B-AEB4-5FA30B7F6373}.Release|ARM64.ActiveCfg = Release|ARM64
		{F38408B0-8D17-4D2B-AEB4-5FA30B7F6373}.Release|ARM64.Build.0 = Release|ARM64
		{F38408B0-8D17-4D2B-AEB4-5FA30B7F6373}.Release|ARM64.Deploy.0 = Release|ARM64
		{F38408B0-8D17-4D2B-AEB4-5FA30B7F6373}.Release|x64.ActiveCfg = Release|x64
		{F38408B0-8D17-4D2B-AEB4-5FA30B7F6373}.Release|x64.Build.0 = Release|x64
		{F38408B0-8D17-4D2B-AEB4-5FA30B7F6373}.Release|x64.Deploy.0 = Release|x64
		{F38408B0-8D17-4D2B-AEB4-5FA30B7F6373}.Release|x86.ActiveCfg = Release|x86
		{F38408B0-8D17-4D2B-AEB4-5FA30B7F6373}.Release|x86.Build.0 = Release|x86
		{F38408B0-8D17-4D2B-AEB4-5FA30B7F6373}.Release|x86.Deploy.0 = Release|x86
		{03A9401D-CEFF-4F5E-A7B4-FC2A0D9F6C95}.Debug|ARM.ActiveCfg = Debug|ARM
		{03A9401D-CEFF-4F5E-A7B4-FC2A0D9F6C95}.Debug|ARM.Build.0 = Debug|ARM
		{03A9401D-CEFF-4F5E-A7B4-FC2A0D9F6C95}.Debug|ARM64.ActiveCfg = Debug|ARM64
		{03A9401D-CEFF-4F5E-A7B4-FC2A0D9F6C95}.Debug|ARM64.Build.0 = Debug|ARM64
		{03A9401D-CEFF-4F5E-A7B4-FC2A0D9F6C95}.Debug|x64.ActiveCfg = Debug|x64
		{03A9401D-CEFF-4F5E-A7B4-FC2A0D9F6C95}.Debug|x64.Build.0 = Debug|x64
		{03A9401D-CEFF-4F5E-A7B4-FC2A0D9F6C95}.Debug|x86.ActiveCfg = Debug|x86
		{03A9401D-CEFF-4F5E-A7B4-FC2A0D9F6C95}.Debug|x86.Build.0 = Debug|x86
		{03A9401D-CEFF-4F5E-A7B4-FC2A0D9F6C95}.Release|ARM.ActiveCfg = Release|ARM
		{03A9401D-CEFF-4F5E-A7B4-FC2A0D9F6C95}.Release|ARM.Build.0 = Release|ARM
		{03A9401D-CEFF-4F5E-A7B4-FC2A0D9F6C95}.Release|ARM64.ActiveCfg = Release|ARM64
		{03A9401D-CEFF-4F5E-A7B4-FC2A0D9F6C95}.Release|ARM64.Build.0 = Release|ARM64
		{03A9401D-CEFF-4F5E-A7B4-FC2A0D9F6C95}.Release|x64.ActiveCfg = Release|x64
		{03A9401D-CEFF-4F5E-A7B4-FC2A0D9F6C95}.Release|x64.Build.0 = Release|x64
		{03A9401D-CEFF-4F5E-A7B4-FC2A0D9F6C95}.Release|x86.ActiveCfg = Release|x86
		{03A9401D-CEFF-4F5E-A7B4-FC2A0D9F6C95}.Release|x86.Build.0 = Release|x86
		{8572235C-B335-40DD-BA5F-9954BEDC4BFC}.Debug|ARM.ActiveCfg = Debug|ARM
		{8572235C-B335-40DD-BA5F-9954BEDC4BFC}.Debug|ARM.Build.0 = Debug|ARM
		{8572235C-B335-40DD-BA5F-9954BEDC4BFC}.Debug|ARM64.ActiveCfg = Debug|ARM64
		{8572235C-B335-40DD-BA5F-9954BEDC4BFC}.Debug|ARM64.Build.0 = Debug|ARM64
		{8572235C-B335-40DD-BA5F-9954BEDC4BFC}.Debug|x64.ActiveCfg = Debug|x64
		{8572235C-B335-40DD-BA5F-9954BEDC4BFC}.Debug|x64.Build.0 = Debug|x64
		{8572235C-B335-40DD-BA5F-9954BEDC4BFC}.Debug|x86.ActiveCfg = Debug|x86
		{8572235C-B335-40DD-BA5F-9954BEDC4BFC}.Debug|x86.Build.0 = Debug|x86
		{8572235C-B335-40DD-BA5F-9954BEDC4BFC}.Release|ARM.ActiveCfg = Release|ARM
		{8572235C-B335-40DD-BA5F-9954BEDC4BFC}.Release|ARM.Build.0 = Release|ARM
		{8572235C-B335-40DD-BA5F-9954BEDC4BFC}.Release|ARM64.ActiveCfg = Release|ARM64
		{8572235C-B335-40DD-BA5F-9954BEDC4BFC}.Release|ARM64.Build.0 = Release|ARM64
		{8572235C-B335-40DD-BA5F-9954BEDC4BFC}.Release|x64.ActiveCfg = Release|x64
		{8572235C-B335-40DD-BA5F-9954BEDC4BFC}.Release|x64.Build.0 = Release|x64
		{8572235C-B335-40DD-BA5F-9954BEDC4BFC}.Release|x86.ActiveCfg = Release|x86
		{8572235C-B335-40DD-BA5F-9954BEDC4BFC}.Release|x86.Build.0 = Release|x86
		{CBE97BBD-4BA5-4155-A3A9-277C6411255D}.Debug|ARM.ActiveCfg = Debug|ARM
		{CBE97BBD-4BA5-4155-A3A9-277C6411255D}.Debug|ARM.Build.0 = Debug|ARM
		{CBE97BBD-4BA5-4155-A3A9-277C6411255D}.Debug|ARM64.ActiveCfg = Debug|ARM64
		{CBE97BBD-4BA5-4155-A3A9-277C6411255D}.Debug|ARM64.Build.0 = Debug|ARM64
		{CBE97BBD-4BA5-4155-A3A9-277C6411255D}.Debug|x64.ActiveCfg = Debug|x64
		{CBE97BBD-4BA5-4155-A3A9-277C6411255D}.Debug|x64.Build.0 = Debug|x64
		{CBE97BBD-4BA5-4155-A3A9-277C6411255D}.Debug|x86.ActiveCfg = Debug|x86
		{CBE97BBD-4BA5-4155-A3A9-277C6411255D}.Debug|x86.Build.0 = Debug|x86
		{CBE97BBD-4BA5-4155-A3A9-277C6411255D}.Release|ARM.ActiveCfg = Debug|ARM
		{CBE97BBD-4BA5-4155-A3A9-277C6411255D}.Release|ARM.Build.0 = Debug|ARM
		{CBE97BBD-4BA5-4155-A3A9-277C6411255D}.Release|ARM64.ActiveCfg = Release|ARM64
		{CBE97BBD-4BA5-4155-A3A9-277C6411255D}.Release|ARM64.Build.0 = Release|ARM64
		{CBE97BBD-4BA5-4155-A3A9-277C6411255D}.Release|x64.ActiveCfg = Release|x64
		{CBE97BBD-4BA5-4155-A3A9-277C6411255D}.Release|x64.Build.0 = Release|x64
		{CBE97BBD-4BA5-4155-A3A9-277C6411255D}.Release|x86.ActiveCfg = Release|x86
		{CBE97BBD-4BA5-4155-A3A9-277C6411255D}.Release|x86.Build.0 = Release|x86
		{DC242A72-DD8D-4F0B-ACF9-52BD3680F055}.Debug|ARM.ActiveCfg = Debug|ARM
		{DC242A72-DD8D-4F0B-ACF9-52BD3680F055}.Debug|ARM.Build.0 = Debug|ARM
		{DC242A72-DD8D-4F0B-ACF9-52BD3680F055}.Debug|ARM64.ActiveCfg = Debug|ARM64
		{DC242A72-DD8D-4F0B-ACF9-52BD3680F055}.Debug|ARM64.Build.0 = Debug|ARM64
		{DC242A72-DD8D-4F0B-ACF9-52BD3680F055}.Debug|x64.ActiveCfg = Debug|x64
		{DC242A72-DD8D-4F0B-ACF9-52BD3680F055}.Debug|x64.Build.0 = Debug|x64
		{DC242A72-DD8D-4F0B-ACF9-52BD3680F055}.Debug|x86.ActiveCfg = Debug|x86
		{DC242A72-DD8D-4F0B-ACF9-52BD3680F055}.Debug|x86.Build.0 = Debug|x86
		{DC242A72-DD8D-4F0B-ACF9-52BD3680F055}.Release|ARM.ActiveCfg = Release|ARM
		{DC242A72-DD8D-4F0B-ACF9-52BD3680F055}.Release|ARM.Build.0 = Release|ARM
		{DC242A72-DD8D-4F0B-ACF9-52BD3680F055}.Release|ARM64.ActiveCfg = Release|ARM64
		{DC242A72-DD8D-4F0B-ACF9-52BD3680F055}.Release|ARM64.Build.0 = Release|ARM64
		{DC242A72-DD8D-4F0B-ACF9-52BD3680F055}.Release|x64.ActiveCfg = Release|x64
		{DC242A72-DD8D-4F0B-ACF9-52BD3680F055}.Release|x64.Build.0 = Release|x64
		{DC242A72-DD8D-4F0B-ACF9-52BD3680F055}.Release|x86.ActiveCfg = Release|x86
		{DC242A72-DD8D-4F0B-ACF9-52BD3680F055}.Release|x86.Build.0 = Release|x86
		{72EBEBB0-BF38-48A5-B6B2-A6CD5840A17E}.Debug|ARM.ActiveCfg = Debug|ARM
		{72EBEBB0-BF38-48A5-B6B2-A6CD5840A17E}.Debug|ARM.Build.0 = Debug|ARM
		{72EBEBB0-BF38-48A5-B6B2-A6CD5840A17E}.Debug|ARM64.ActiveCfg = Debug|ARM64
		{72EBEBB0-BF38-48A5-B6B2-A6CD5840A17E}.Debug|ARM64.Build.0 = Debug|ARM64
		{72EBEBB0-BF38-48A5-B6B2-A6CD5840A17E}.Debug|x64.ActiveCfg = Debug|x64
		{72EBEBB0-BF38-48A5-B6B2-A6CD5840A17E}.Debug|x64.Build.0 = Debug|x64
		{72EBEBB0-BF38-48A5-B6B2-A6CD5840A17E}.Debug|x86.ActiveCfg = Debug|x86
		{72EBEBB0-BF38-48A5-B6B2-A6CD5840A17E}.Debug|x86.Build.0 = Debug|x86
		{72EBEBB0-BF38-48A5-B6B2-A6CD5840A17E}.Release|ARM.ActiveCfg = Release|ARM
		{72EBEBB0-BF38-48A5-B6B2-A6CD5840A17E}.Release|ARM.Build.0 = Release|ARM
		{72EBEBB0-BF38-48A5-B6B2-A6CD5840A17E}.Release|ARM64.ActiveCfg = Release|ARM64
		{72EBEBB0-BF38-48A5-B6B2-A6CD5840A17E}.Release|ARM64.Build.0 = Release|ARM64
		{72EBEBB0-BF38-48A5-B6B2-A6CD5840A17E}.Release|x64.ActiveCfg = Release|x64
		{72EBEBB0-BF38-48A5-B6B2-A6CD5840A17E}.Release|x64.Build.0 = Release|x64
		{72EBEBB0-BF38-48A5-B6B2-A6CD5840A17E}.Release|x86.ActiveCfg = Release|x86
		{72EBEBB0-BF38-48A5-B6B2-A6CD5840A17E}.Release|x86.Build.0 = Release|x86
		{95E5082B-3FF2-469F-AC6D-2E77BC881A02}.Debug|ARM.ActiveCfg = Debug|ARM
		{95E5082B-3FF2-469F-AC6D-2E77BC881A02}.Debug|ARM.Build.0 = Debug|ARM
		{95E5082B-3FF2-469F-AC6D-2E77BC881A02}.Debug|ARM64.ActiveCfg = Debug|ARM64
		{95E5082B-3FF2-469F-AC6D-2E77BC881A02}.Debug|ARM64.Build.0 = Debug|ARM64
		{95E5082B-3FF2-469F-AC6D-2E77BC881A02}.Debug|x64.ActiveCfg = Debug|x64
		{95E5082B-3FF2-469F-AC6D-2E77BC881A02}.Debug|x64.Build.0 = Debug|x64
		{95E5082B-3FF2-469F-AC6D-2E77BC881A02}.Debug|x86.ActiveCfg = Debug|x86
		{95E5082B-3FF2-469F-AC6D-2E77BC881A02}.Debug|x86.Build.0 = Debug|x86
		{95E5082B-3FF2-469F-AC6D-2E77BC881A02}.Release|ARM.ActiveCfg = Release|ARM
		{95E5082B-3FF2-469F-AC6D-2E77BC881A02}.Release|ARM64.ActiveCfg = Release|ARM64
		{95E5082B-3FF2-469F-AC6D-2E77BC881A02}.Release|ARM64.Build.0 = Release|ARM64
		{95E5082B-3FF2-469F-AC6D-2E77BC881A02}.Release|x64.ActiveCfg = Release|x64
		{95E5082B-3FF2-469F-AC6D-2E77BC881A02}.Release|x64.Build.0 = Release|x64
		{95E5082B-3FF2-469F-AC6D-2E77BC881A02}.Release|x86.ActiveCfg = Release|x86
		{95E5082B-3FF2-469F-AC6D-2E77BC881A02}.Release|x86.Build.0 = Release|x86
		{DD427B0D-0CE6-408D-B3B7-B5EBAB9F299E}.Debug|ARM.ActiveCfg = Debug|ARM
		{DD427B0D-0CE6-408D-B3B7-B5EBAB9F299E}.Debug|ARM.Build.0 = Debug|ARM
		{DD427B0D-0CE6-408D-B3B7-B5EBAB9F299E}.Debug|ARM64.ActiveCfg = Debug|ARM64
		{DD427B0D-0CE6-408D-B3B7-B5EBAB9F299E}.Debug|ARM64.Build.0 = Debug|ARM64
		{DD427B0D-0CE6-408D-B3B7-B5EBAB9F299E}.Debug|x64.ActiveCfg = Debug|x64
		{DD427B0D-0CE6-408D-B3B7-B5EBAB9F299E}.Debug|x64.Build.0 = Debug|x64
		{DD427B0D-0CE6-408D-B3B7-B5EBAB9F299E}.Debug|x86.ActiveCfg = Debug|x86
		{DD427B0D-0CE6-408D-B3B7-B5EBAB9F299E}.Debug|x86.Build.0 = Debug|x86
		{DD427B0D-0CE6-408D-B3B7-B5EBAB9F299E}.Release|ARM.ActiveCfg = Release|ARM
		{DD427B0D-0CE6-408D-B3B7-B5EBAB9F299E}.Release|ARM.Build.0 = Release|ARM
		{DD427B0D-0CE6-408D-B3B7-B5EBAB9F299E}.Release|ARM64.ActiveCfg = Release|ARM64
		{DD427B0D-0CE6-408D-B3B7-B5EBAB9F299E}.Release|ARM64.Build.0 = Release|ARM64
		{DD427B0D-0CE6-408D-B3B7-B5EBAB9F299E}.Release|x64.ActiveCfg = Release|x64
		{DD427B0D-0CE6-408D-B3B7-B5EBAB9F299E}.Release|x64.Build.0 = Release|x64
		{DD427B0D-0CE6-408D-B3B7-B5EBAB9F299E}.Release|x86.ActiveCfg = Release|x86
		{DD427B0D-0CE6-408D-B3B7-B5EBAB9F299E}.Release|x86.Build.0 = Release|x86
	EndGlobalSection
	GlobalSection(SolutionProperties) = preSolution
		HideSolutionNode = FALSE
	EndGlobalSection
	GlobalSection(ExtensibilityGlobals) = postSolution
		SolutionGuid = {5F9E227F-8F40-42A4-B967-E23FBBAAD8A3}
	EndGlobalSection
EndGlobal
